
Microsoft Visual Studio Solution File, Format Version 12.00
# Visual Studio Version 16
VisualStudioVersion = 16.0.29920.165
MinimumVisualStudioVersion = 10.0.40219.1
Project("{FAE04EC0-301F-11D3-BF4B-00C04F79EFBC}") = "Diablo2Project", "Diablo2Project\Diablo2Project.csproj", "{36676E77-BC68-4B22-A527-2C32D968D826}"
EndProject
Global
	GlobalSection(SolutionConfigurationPlatforms) = preSolution
		Debug|Any CPU = Debug|Any CPU
		Release|Any CPU = Release|Any CPU
	EndGlobalSection
	GlobalSection(ProjectConfigurationPlatforms) = postSolution
		{36676E77-BC68-4B22-A527-2C32D968D826}.Debug|Any CPU.ActiveCfg = Debug|Any CPU
		{36676E77-BC68-4B22-A527-2C32D968D826}.Debug|Any CPU.Build.0 = Debug|Any CPU
		{36676E77-BC68-4B22-A527-2C32D968D826}.Release|Any CPU.ActiveCfg = Release|Any CPU
		{36676E77-BC68-4B22-A527-2C32D968D826}.Release|Any CPU.Build.0 = Release|Any CPU
	EndGlobalSection
	GlobalSection(SolutionProperties) = preSolution
		HideSolutionNode = FALSE
	EndGlobalSection
	GlobalSection(ExtensibilityGlobals) = postSolution
		SolutionGuid = {58594B04-6122-4BCF-BD59-1B4F46AAA41D}
	EndGlobalSection
EndGlobal
